
Microsoft Visual Studio Solution File, Format Version 12.00
# Visual Studio Version 17
VisualStudioVersion = 17.9.34728.123
MinimumVisualStudioVersion = 10.0.40219.1
Project("{FAE04EC0-301F-11D3-BF4B-00C04F79EFBC}") = "App1", "App1\App1.csproj", "{ED3AE830-DA2C-417B-905D-78B52C8B3183}"
EndProject
Global
	GlobalSection(SolutionConfigurationPlatforms) = preSolution
		Debug|Any CPU = Debug|Any CPU
		Release|Any CPU = Release|Any CPU
	EndGlobalSection
	GlobalSection(ProjectConfigurationPlatforms) = postSolution
		{ED3AE830-DA2C-417B-905D-78B52C8B3183}.Debug|Any CPU.ActiveCfg = Debug|Any CPU
		{ED3AE830-DA2C-417B-905D-78B52C8B3183}.Debug|Any CPU.Build.0 = Debug|Any CPU
		{ED3AE830-DA2C-417B-905D-78B52C8B3183}.Debug|Any CPU.Deploy.0 = Debug|Any CPU
		{ED3AE830-DA2C-417B-905D-78B52C8B3183}.Release|Any CPU.ActiveCfg = Release|Any CPU
		{ED3AE830-DA2C-417B-905D-78B52C8B3183}.Release|Any CPU.Build.0 = Release|Any CPU
		{ED3AE830-DA2C-417B-905D-78B52C8B3183}.Release|Any CPU.Deploy.0 = Release|Any CPU
	EndGlobalSection
	GlobalSection(SolutionProperties) = preSolution
		HideSolutionNode = FALSE
	EndGlobalSection
	GlobalSection(ExtensibilityGlobals) = postSolution
		SolutionGuid = {D4DA260D-EE97-415A-9809-060413BF5A2A}
	EndGlobalSection
EndGlobal
